// !$*UTF8*$!
{
	archiveVersion = 1;
	classes = {
	};
	objectVersion = 77;
	objects = {

/* Begin PBXBuildFile section */
		7A9246C42FD43BEF004D5E14 /* MenuItem.swift in Sources */ = {isa = PBXBuildFile; fileRef = 7A9246C32FD43BEF004D5E14 /* MenuItem.swift */; };
		7A9246C62FD43BFF004D5E14 /* MenuRow.swift in Sources */ = {isa = PBXBuildFile; fileRef = 7A9246C52FD43BFF004D5E14 /* MenuRow.swift */; };
		7A9246C82FD43C07004D5E14 /* ProfileHeader.swift in Sources */ = {isa = PBXBuildFile; fileRef = 7A9246C72FD43C07004D5E14 /* ProfileHeader.swift */; };
		7A9246CA2FD43C0E004D5E14 /* AnimatedBackground.swift in Sources */ = {isa = PBXBuildFile; fileRef = 7A9246C92FD43C0E004D5E14 /* AnimatedBackground.swift */; };
		7A9246CC2FD43C15004D5E14 /* SideMenuView.swift in Sources */ = {isa = PBXBuildFile; fileRef = 7A9246CB2FD43C15004D5E14 /* SideMenuView.swift */; };
		7A9246CE2FD43C1C004D5E14 /* HomeView.swift in Sources */ = {isa = PBXBuildFile; fileRef = 7A9246CD2FD43C1C004D5E14 /* HomeView.swift */; };
		7A9246D02FD43C23004D5E14 /* MainContainerView.swift in Sources */ = {isa = PBXBuildFile; fileRef = 7A9246CF2FD43C23004D5E14 /* MainContainerView.swift */; };
		7AAE62392FD1B3C100F4BDEE /* swiftuiDemoApp.swift in Sources */ = {isa = PBXBuildFile; fileRef = 7AAE62362FD1B3C100F4BDEE /* swiftuiDemoApp.swift */; };
		7AAE623A2FD1B3C100F4BDEE /* Assets.xcassets in Resources */ = {isa = PBXBuildFile; fileRef = 7AAE62342FD1B3C100F4BDEE /* Assets.xcassets */; };
		7AAE623C2FD1B5A400F4BDEE /* Constant.swift in Sources */ = {isa = PBXBuildFile; fileRef = 7AAE623B2FD1B5A200F4BDEE /* Constant.swift */; };
/* End PBXBuildFile section */

/* Begin PBXFileReference section */
		7A9246C32FD43BEF004D5E14 /* MenuItem.swift */ = {isa = PBXFileReference; lastKnownFileType = sourcecode.swift; path = MenuItem.swift; sourceTree = "<group>"; };
		7A9246C52FD43BFF004D5E14 /* MenuRow.swift */ = {isa = PBXFileReference; lastKnownFileType = sourcecode.swift; path = MenuRow.swift; sourceTree = "<group>"; };
		7A9246C72FD43C07004D5E14 /* ProfileHeader.swift */ = {isa = PBXFileReference; lastKnownFileType = sourcecode.swift; path = ProfileHeader.swift; sourceTree = "<group>"; };
		7A9246C92FD43C0E004D5E14 /* AnimatedBackground.swift */ = {isa = PBXFileReference; lastKnownFileType = sourcecode.swift; path = AnimatedBackground.swift; sourceTree = "<group>"; };
		7A9246CB2FD43C15004D5E14 /* SideMenuView.swift */ = {isa = PBXFileReference; lastKnownFileType = sourcecode.swift; path = SideMenuView.swift; sourceTree = "<group>"; };
		7A9246CD2FD43C1C004D5E14 /* HomeView.swift */ = {isa = PBXFileReference; lastKnownFileType = sourcecode.swift; path = HomeView.swift; sourceTree = "<group>"; };
		7A9246CF2FD43C23004D5E14 /* MainContainerView.swift */ = {isa = PBXFileReference; lastKnownFileType = sourcecode.swift; path = MainContainerView.swift; sourceTree = "<group>"; };
		7AAE62262FD1B3B100F4BDEE /* swiftuiDemo.app */ = {isa = PBXFileReference; explicitFileType = wrapper.application; includeInIndex = 0; path = swiftuiDemo.app; sourceTree = BUILT_PRODUCTS_DIR; };
		7AAE62342FD1B3C100F4BDEE /* Assets.xcassets */ = {isa = PBXFileReference; lastKnownFileType = folder.assetcatalog; path = Assets.xcassets; sourceTree = "<group>"; };
		7AAE62362FD1B3C100F4BDEE /* swiftuiDemoApp.swift */ = {isa = PBXFileReference; lastKnownFileType = sourcecode.swift; path = swiftuiDemoApp.swift; sourceTree = "<group>"; };
		7AAE623B2FD1B5A200F4BDEE /* Constant.swift */ = {isa = PBXFileReference; lastKnownFileType = sourcecode.swift; path = Constant.swift; sourceTree = "<group>"; };
/* End PBXFileReference section */

/* Begin PBXFrameworksBuildPhase section */
		7AAE62232FD1B3B100F4BDEE /* Frameworks */ = {
			isa = PBXFrameworksBuildPhase;
			buildActionMask = 2147483647;
			files = (
			);
			runOnlyForDeploymentPostprocessing = 0;
		};
/* End PBXFrameworksBuildPhase section */

/* Begin PBXGroup section */
		7A16D33F2FD27F400060B56B /* Component */ = {
			isa = PBXGroup;
			children = (
				7A9246CB2FD43C15004D5E14 /* SideMenuView.swift */,
				7A9246C92FD43C0E004D5E14 /* AnimatedBackground.swift */,
				7A9246C72FD43C07004D5E14 /* ProfileHeader.swift */,
				7A9246C52FD43BFF004D5E14 /* MenuRow.swift */,
				7A9246C32FD43BEF004D5E14 /* MenuItem.swift */,
			);
			path = Component;
			sourceTree = "<group>";
		};
		7AAE621D2FD1B3B100F4BDEE = {
			isa = PBXGroup;
			children = (
				7AAE62372FD1B3C100F4BDEE /* swiftuiDemo */,
				7AAE62272FD1B3B100F4BDEE /* Products */,
			);
			sourceTree = "<group>";
		};
		7AAE62272FD1B3B100F4BDEE /* Products */ = {
			isa = PBXGroup;
			children = (
				7AAE62262FD1B3B100F4BDEE /* swiftuiDemo.app */,
			);
			name = Products;
			sourceTree = "<group>";
		};
		7AAE62372FD1B3C100F4BDEE /* swiftuiDemo */ = {
			isa = PBXGroup;
			children = (
				7A9246CF2FD43C23004D5E14 /* MainContainerView.swift */,
				7A9246CD2FD43C1C004D5E14 /* HomeView.swift */,
				7A16D33F2FD27F400060B56B /* Component */,
				7AAE623B2FD1B5A200F4BDEE /* Constant.swift */,
				7AAE62342FD1B3C100F4BDEE /* Assets.xcassets */,
				7AAE62362FD1B3C100F4BDEE /* swiftuiDemoApp.swift */,
			);
			path = swiftuiDemo;
			sourceTree = "<group>";
		};
/* End PBXGroup section */

/* Begin PBXNativeTarget section */
		7AAE62252FD1B3B100F4BDEE /* swiftuiDemo */ = {
			isa = PBXNativeTarget;
			buildConfigurationList = 7AAE62312FD1B3B200F4BDEE /* Build configuration list for PBXNativeTarget "swiftuiDemo" */;
			buildPhases = (
				7AAE62222FD1B3B100F4BDEE /* Sources */,
				7AAE62232FD1B3B100F4BDEE /* Frameworks */,
				7AAE62242FD1B3B100F4BDEE /* Resources */,
			);
			buildRules = (
			);
			dependencies = (
			);
			name = swiftuiDemo;
			packageProductDependencies = (
			);
			productName = swiftuiDemo;
			productReference = 7AAE62262FD1B3B100F4BDEE /* swiftuiDemo.app */;
			productType = "com.apple.product-type.application";
		};
/* End PBXNativeTarget section */

/* Begin PBXProject section */
		7AAE621E2FD1B3B100F4BDEE /* Project object */ = {
			isa = PBXProject;
			attributes = {
				BuildIndependentTargetsInParallel = 1;
				LastSwiftUpdateCheck = 2650;
				LastUpgradeCheck = 2650;
				TargetAttributes = {
					7AAE62252FD1B3B100F4BDEE = {
						CreatedOnToolsVersion = 26.5;
					};
				};
			};
			buildConfigurationList = 7AAE62212FD1B3B100F4BDEE /* Build configuration list for PBXProject "swiftuiDemo" */;
			developmentRegion = en;
			hasScannedForEncodings = 0;
			knownRegions = (
				en,
				Base,
			);
			mainGroup = 7AAE621D2FD1B3B100F4BDEE;
			minimizedProjectReferenceProxies = 1;
			preferredProjectObjectVersion = 77;
			productRefGroup = 7AAE62272FD1B3B100F4BDEE /* Products */;
			projectDirPath = "";
			projectRoot = "";
			targets = (
				7AAE62252FD1B3B100F4BDEE /* swiftuiDemo */,
			);
		};
/* End PBXProject section */

/* Begin PBXResourcesBuildPhase section */
		7AAE62242FD1B3B100F4BDEE /* Resources */ = {
			isa = PBXResourcesBuildPhase;
			buildActionMask = 2147483647;
			files = (
				7AAE623A2FD1B3C100F4BDEE /* Assets.xcassets in Resources */,
			);
			runOnlyForDeploymentPostprocessing = 0;
		};
/* End PBXResourcesBuildPhase section */

/* Begin PBXSourcesBuildPhase section */
		7AAE62222FD1B3B100F4BDEE /* Sources */ = {
			isa = PBXSourcesBuildPhase;
			buildActionMask = 2147483647;
			files = (
				7A9246C42FD43BEF004D5E14 /* MenuItem.swift in Sources */,
				7A9246CC2FD43C15004D5E14 /* SideMenuView.swift in Sources */,
				7A9246C62FD43BFF004D5E14 /* MenuRow.swift in Sources */,
				7AAE62392FD1B3C100F4BDEE /* swiftuiDemoApp.swift in Sources */,
				7A9246D02FD43C23004D5E14 /* MainContainerView.swift in Sources */,
				7A9246C82FD43C07004D5E14 /* ProfileHeader.swift in Sources */,
				7A9246CE2FD43C1C004D5E14 /* HomeView.swift in Sources */,
				7A9246CA2FD43C0E004D5E14 /* AnimatedBackground.swift in Sources */,
				7AAE623C2FD1B5A400F4BDEE /* Constant.swift in Sources */,
			);
			runOnlyForDeploymentPostprocessing = 0;
		};
/* End PBXSourcesBuildPhase section */

/* Begin XCBuildConfiguration section */
		7AAE622F2FD1B3B200F4BDEE /* Debug */ = {
			isa = XCBuildConfiguration;
			buildSettings = {
				ALWAYS_SEARCH_USER_PATHS = NO;
				ASSETCATALOG_COMPILER_GENERATE_SWIFT_ASSET_SYMBOL_EXTENSIONS = YES;
				CLANG_ANALYZER_NONNULL = YES;
				CLANG_ANALYZER_NUMBER_OBJECT_CONVERSION = YES_AGGRESSIVE;
				CLANG_CXX_LANGUAGE_STANDARD = "gnu++20";
				CLANG_ENABLE_MODULES = YES;
				CLANG_ENABLE_OBJC_ARC = YES;
				CLANG_ENABLE_OBJC_WEAK = YES;
				CLANG_WARN_BLOCK_CAPTURE_AUTORELEASING = YES;
				CLANG_WARN_BOOL_CONVERSION = YES;
				CLANG_WARN_COMMA = YES;
				CLANG_WARN_CONSTANT_CONVERSION = YES;
				CLANG_WARN_DEPRECATED_OBJC_IMPLEMENTATIONS = YES;
				CLANG_WARN_DIRECT_OBJC_ISA_USAGE = YES_ERROR;
				CLANG_WARN_DOCUMENTATION_COMMENTS = YES;
				CLANG_WARN_EMPTY_BODY = YES;
				CLANG_WARN_ENUM_CONVERSION = YES;
				CLANG_WARN_INFINITE_RECURSION = YES;
				CLANG_WARN_INT_CONVERSION = YES;
				CLANG_WARN_NON_LITERAL_NULL_CONVERSION = YES;
				CLANG_WARN_OBJC_IMPLICIT_RETAIN_SELF = YES;
				CLANG_WARN_OBJC_LITERAL_CONVERSION = YES;
				CLANG_WARN_OBJC_ROOT_CLASS = YES_ERROR;
				CLANG_WARN_QUOTED_INCLUDE_IN_FRAMEWORK_HEADER = YES;
				CLANG_WARN_RANGE_LOOP_ANALYSIS = YES;
				CLANG_WARN_STRICT_PROTOTYPES = YES;
				CLANG_WARN_SUSPICIOUS_MOVE = YES;
				CLANG_WARN_UNGUARDED_AVAILABILITY = YES_AGGRESSIVE;
				CLANG_WARN_UNREACHABLE_CODE = YES;
				CLANG_WARN__DUPLICATE_METHOD_MATCH = YES;
				COPY_PHASE_STRIP = NO;
				DEBUG_INFORMATION_FORMAT = dwarf;
				ENABLE_STRICT_OBJC_MSGSEND = YES;
				ENABLE_TESTABILITY = YES;
				ENABLE_USER_SCRIPT_SANDBOXING = YES;
				GCC_C_LANGUAGE_STANDARD = gnu17;
				GCC_DYNAMIC_NO_PIC = NO;
				GCC_NO_COMMON_BLOCKS = YES;
				GCC_OPTIMIZATION_LEVEL = 0;
				GCC_PREPROCESSOR_DEFINITIONS = (
					"DEBUG=1",
					"$(inherited)",
				);
				GCC_WARN_64_TO_32_BIT_CONVERSION = YES;
				GCC_WARN_ABOUT_RETURN_TYPE = YES_ERROR;
				GCC_WARN_UNDECLARED_SELECTOR = YES;
				GCC_WARN_UNINITIALIZED_AUTOS = YES_AGGRESSIVE;
				GCC_WARN_UNUSED_FUNCTION = YES;
				GCC_WARN_UNUSED_VARIABLE = YES;
				IPHONEOS_DEPLOYMENT_TARGET = 26.5;
				LOCALIZATION_PREFERS_STRING_CATALOGS = YES;
				MTL_ENABLE_DEBUG_INFO = INCLUDE_SOURCE;
				MTL_FAST_MATH = YES;
				ONLY_ACTIVE_ARCH = YES;
				SDKROOT = iphoneos;
				SWIFT_ACTIVE_COMPILATION_CONDITIONS = "DEBUG $(inherited)";
				SWIFT_OPTIMIZATION_LEVEL = "-Onone";
			};
			name = Debug;
		};
		7AAE62302FD1B3B200F4BDEE /* Release */ = {
			isa = XCBuildConfiguration;
			buildSettings = {
				ALWAYS_SEARCH_USER_PATHS = NO;
				ASSETCATALOG_COMPILER_GENERATE_SWIFT_ASSET_SYMBOL_EXTENSIONS = YES;
				CLANG_ANALYZER_NONNULL = YES;
				CLANG_ANALYZER_NUMBER_OBJECT_CONVERSION = YES_AGGRESSIVE;
				CLANG_CXX_LANGUAGE_STANDARD = "gnu++20";
				CLANG_ENABLE_MODULES = YES;
				CLANG_ENABLE_OBJC_ARC = YES;
				CLANG_ENABLE_OBJC_WEAK = YES;
				CLANG_WARN_BLOCK_CAPTURE_AUTORELEASING = YES;
				CLANG_WARN_BOOL_CONVERSION = YES;
				CLANG_WARN_COMMA = YES;
				CLANG_WARN_CONSTANT_CONVERSION = YES;
				CLANG_WARN_DEPRECATED_OBJC_IMPLEMENTATIONS = YES;
				CLANG_WARN_DIRECT_OBJC_ISA_USAGE = YES_ERROR;
				CLANG_WARN_DOCUMENTATION_COMMENTS = YES;
				CLANG_WARN_EMPTY_BODY = YES;
				CLANG_WARN_ENUM_CONVERSION = YES;
				CLANG_WARN_INFINITE_RECURSION = YES;
				CLANG_WARN_INT_CONVERSION = YES;
				CLANG_WARN_NON_LITERAL_NULL_CONVERSION = YES;
				CLANG_WARN_OBJC_IMPLICIT_RETAIN_SELF = YES;
				CLANG_WARN_OBJC_LITERAL_CONVERSION = YES;
				CLANG_WARN_OBJC_ROOT_CLASS = YES_ERROR;
				CLANG_WARN_QUOTED_INCLUDE_IN_FRAMEWORK_HEADER = YES;
				CLANG_WARN_RANGE_LOOP_ANALYSIS = YES;
				CLANG_WARN_STRICT_PROTOTYPES = YES;
				CLANG_WARN_SUSPICIOUS_MOVE = YES;
				CLANG_WARN_UNGUARDED_AVAILABILITY = YES_AGGRESSIVE;
				CLANG_WARN_UNREACHABLE_CODE = YES;
				CLANG_WARN__DUPLICATE_METHOD_MATCH = YES;
				COPY_PHASE_STRIP = NO;
				DEBUG_INFORMATION_FORMAT = "dwarf-with-dsym";
				ENABLE_NS_ASSERTIONS = NO;
				ENABLE_STRICT_OBJC_MSGSEND = YES;
				ENABLE_USER_SCRIPT_SANDBOXING = YES;
				GCC_C_LANGUAGE_STANDARD = gnu17;
				GCC_NO_COMMON_BLOCKS = YES;
				GCC_WARN_64_TO_32_BIT_CONVERSION = YES;
				GCC_WARN_ABOUT_RETURN_TYPE = YES_ERROR;
				GCC_WARN_UNDECLARED_SELECTOR = YES;
				GCC_WARN_UNINITIALIZED_AUTOS = YES_AGGRESSIVE;
				GCC_WARN_UNUSED_FUNCTION = YES;
				GCC_WARN_UNUSED_VARIABLE = YES;
				IPHONEOS_DEPLOYMENT_TARGET = 26.5;
				LOCALIZATION_PREFERS_STRING_CATALOGS = YES;
				MTL_ENABLE_DEBUG_INFO = NO;
				MTL_FAST_MATH = YES;
				SDKROOT = iphoneos;
				SWIFT_COMPILATION_MODE = wholemodule;
				VALIDATE_PRODUCT = YES;
			};
			name = Release;
		};
		7AAE62322FD1B3B200F4BDEE /* Debug */ = {
			isa = XCBuildConfiguration;
			buildSettings = {
				ASSETCATALOG_COMPILER_APPICON_NAME = AppIcon;
				ASSETCATALOG_COMPILER_GLOBAL_ACCENT_COLOR_NAME = AccentColor;
				CODE_SIGN_STYLE = Automatic;
				CURRENT_PROJECT_VERSION = 1;
				ENABLE_PREVIEWS = YES;
				GENERATE_INFOPLIST_FILE = YES;
				INFOPLIST_KEY_UIApplicationSceneManifest_Generation = YES;
				INFOPLIST_KEY_UIApplicationSupportsIndirectInputEvents = YES;
				INFOPLIST_KEY_UILaunchScreen_Generation = YES;
				INFOPLIST_KEY_UISupportedInterfaceOrientations_iPad = "UIInterfaceOrientationPortrait UIInterfaceOrientationPortraitUpsideDown UIInterfaceOrientationLandscapeLeft UIInterfaceOrientationLandscapeRight";
				INFOPLIST_KEY_UISupportedInterfaceOrientations_iPhone = "UIInterfaceOrientationPortrait UIInterfaceOrientationLandscapeLeft UIInterfaceOrientationLandscapeRight";
				LD_RUNPATH_SEARCH_PATHS = (
					"$(inherited)",
					"@executable_path/Frameworks",
				);
				MARKETING_VERSION = 1.0;
				PRODUCT_BUNDLE_IDENTIFIER = kiritgareja.swiftuiDemo;
				PRODUCT_NAME = "$(TARGET_NAME)";
				STRING_CATALOG_GENERATE_SYMBOLS = YES;
				SWIFT_APPROACHABLE_CONCURRENCY = YES;
				SWIFT_DEFAULT_ACTOR_ISOLATION = MainActor;
				SWIFT_EMIT_LOC_STRINGS = YES;
				SWIFT_UPCOMING_FEATURE_MEMBER_IMPORT_VISIBILITY = YES;
				SWIFT_VERSION = 5.0;
				TARGETED_DEVICE_FAMILY = "1,2";
			};
			name = Debug;
		};
		7AAE62332FD1B3B200F4BDEE /* Release */ = {
			isa = XCBuildConfiguration;
			buildSettings = {
				ASSETCATALOG_COMPILER_APPICON_NAME = AppIcon;
				ASSETCATALOG_COMPILER_GLOBAL_ACCENT_COLOR_NAME = AccentColor;
				CODE_SIGN_STYLE = Automatic;
				CURRENT_PROJECT_VERSION = 1;
				ENABLE_PREVIEWS = YES;
				GENERATE_INFOPLIST_FILE = YES;
				INFOPLIST_KEY_UIApplicationSceneManifest_Generation = YES;
				INFOPLIST_KEY_UIApplicationSupportsIndirectInputEvents = YES;
				INFOPLIST_KEY_UILaunchScreen_Generation = YES;
				INFOPLIST_KEY_UISupportedInterfaceOrientations_iPad = "UIInterfaceOrientationPortrait UIInterfaceOrientationPortraitUpsideDown UIInterfaceOrientationLandscapeLeft UIInterfaceOrientationLandscapeRight";
				INFOPLIST_KEY_UISupportedInterfaceOrientations_iPhone = "UIInterfaceOrientationPortrait UIInterfaceOrientationLandscapeLeft UIInterfaceOrientationLandscapeRight";
				LD_RUNPATH_SEARCH_PATHS = (
					"$(inherited)",
					"@executable_path/Frameworks",
				);
				MARKETING_VERSION = 1.0;
				PRODUCT_BUNDLE_IDENTIFIER = kiritgareja.swiftuiDemo;
				PRODUCT_NAME = "$(TARGET_NAME)";
				STRING_CATALOG_GENERATE_SYMBOLS = YES;
				SWIFT_APPROACHABLE_CONCURRENCY = YES;
				SWIFT_DEFAULT_ACTOR_ISOLATION = MainActor;
				SWIFT_EMIT_LOC_STRINGS = YES;
				SWIFT_UPCOMING_FEATURE_MEMBER_IMPORT_VISIBILITY = YES;
				SWIFT_VERSION = 5.0;
				TARGETED_DEVICE_FAMILY = "1,2";
			};
			name = Release;
		};
/* End XCBuildConfiguration section */

/* Begin XCConfigurationList section */
		7AAE62212FD1B3B100F4BDEE /* Build configuration list for PBXProject "swiftuiDemo" */ = {
			isa = XCConfigurationList;
			buildConfigurations = (
				7AAE622F2FD1B3B200F4BDEE /* Debug */,
				7AAE62302FD1B3B200F4BDEE /* Release */,
			);
			defaultConfigurationIsVisible = 0;
			defaultConfigurationName = Release;
		};
		7AAE62312FD1B3B200F4BDEE /* Build configuration list for PBXNativeTarget "swiftuiDemo" */ = {
			isa = XCConfigurationList;
			buildConfigurations = (
				7AAE62322FD1B3B200F4BDEE /* Debug */,
				7AAE62332FD1B3B200F4BDEE /* Release */,
			);
			defaultConfigurationIsVisible = 0;
			defaultConfigurationName = Release;
		};
/* End XCConfigurationList section */
	};
	rootObject = 7AAE621E2FD1B3B100F4BDEE /* Project object */;
}
